# Pinned external versions. Read by scripts/bootstrap.sh and the Makefile.
SEMGREP_VERSION=1.178.0
CHECKOV_VERSION=3.3.19
CHECKOV_PYTHON=3.12
TRIVY_VERSION=0.74.0
CONFTEST_VERSION=0.70.1
# SHA256 of the release assets, pinned from each release's published checksums file.
TRIVY_SHA256_DARWIN_ARM64=1caada5e0e2091909357c7525d3aa76f4b660b13821bc143b190c7483e31cc11
TRIVY_SHA256_LINUX_X86_64=2ae6fe3ee734b7fdf11335663e18c75ea12dccc76062f09f164a3b0f8be4371a
CONFTEST_SHA256_DARWIN_ARM64=b8eae5ce6c7c3a768a9b9c6c12b0c01f8fc065a99267c94646d309c479b218dd
CONFTEST_SHA256_LINUX_X86_64=613d124b8f6c1f3cee890491f7ab19114cca5a2102ca47cb2e6c35b4c23f9c8a
OKF_COMMIT=ad30107c31c06aec8a7d5636e0d1058118604e6f
OSCAL_VERSION=1.2.3
